// !$*UTF8*$!
{
	archiveVersion = 1;
	classes = {
	};
	objectVersion = 46;
	objects = {

/* Begin PBXBuildFile section */
		CEAAF46F1F3B10A20055D7ED /* AppDelegate.swift in Sources */ = {isa = PBXBuildFile; fileRef = CEAAF46E1F3B10A20055D7ED /* AppDelegate.swift */; };
		CEAAF4711F3B10A20055D7ED /* ViewController.swift in Sources */ = {isa = PBXBuildFile; fileRef = CEAAF4701F3B10A20055D7ED /* ViewController.swift */; };
		CEAAF4741F3B10A20055D7ED /* Main.storyboard in Resources */ = {isa = PBXBuildFile; fileRef = CEAAF4721F3B10A20055D7ED /* Main.storyboard */; };
		CEAAF4761F3B10A20055D7ED /* Assets.xcassets in Resources */ = {isa = PBXBuildFile; fileRef = CEAAF4751F3B10A20055D7ED /* Assets.xcassets */; };
		CEAAF4791F3B10A20055D7ED /* LaunchScreen.storyboard in Resources */ = {isa = PBXBuildFile; fileRef = CEAAF4771F3B10A20055D7ED /* LaunchScreen.storyboard */; };
/* End PBXBuildFile section */

/* Begin PBXFileReference section */
		CEAAF46B1F3B10A20055D7ED /* gaofangbaisi.app */ = {isa = PBXFileReference; explicitFileType = wrapper.application; includeInIndex = 0; path = gaofangbaisi.app; sourceTree = BUILT_PRODUCTS_DIR; };
		CEAAF46E1F3B10A20055D7ED /* AppDelegate.swift */ = {isa = PBXFileReference; lastKnownFileType = sourcecode.swift; path = AppDelegate.swift; sourceTree = "<group>"; };
		CEAAF4701F3B10A20055D7ED /* ViewController.swift */ = {isa = PBXFileReference; lastKnownFileType = sourcecode.swift; path = ViewController.swift; sourceTree = "<group>"; };
		CEAAF4731F3B10A20055D7ED /* Base */ = {isa = PBXFileReference; lastKnownFileType = file.storyboard; name = Base; path = Base.lproj/Main.storyboard; sourceTree = "<group>"; };
		CEAAF4751F3B10A20055D7ED /* Assets.xcassets */ = {isa = PBXFileReference; lastKnownFileType = folder.assetcatalog; path = Assets.xcassets; sourceTree = "<group>"; };
		CEAAF4781F3B10A20055D7ED /* Base */ = {isa = PBXFileReference; lastKnownFileType = file.storyboard; name = Base; path = Base.lproj/LaunchScreen.storyboard; sourceTree = "<group>"; };
		CEAAF47A1F3B10A20055D7ED /* Info.plist */ = {isa = PBXFileReference; lastKnownFileType = text.plist.xml; path = Info.plist; sourceTree = "<group>"; };
/* End PBXFileReference section */

/* Begin PBXFrameworksBuildPhase section */
		CEAAF4681F3B10A20055D7ED /* Frameworks */ = {
			isa = PBXFrameworksBuildPhase;
			buildActionMask = 2147483647;
			files = (
			);
			runOnlyForDeploymentPostprocessing = 0;
		};
/* End PBXFrameworksBuildPhase section */

/* Begin PBXGroup section */
		CEAAF4621F3B10A20055D7ED = {
			isa = PBXGroup;
			children = (
				CEAAF46D1F3B10A20055D7ED /* gaofangbaisi */,
				CEAAF46C1F3B10A20055D7ED /* Products */,
			);
			sourceTree = "<group>";
		};
		CEAAF46C1F3B10A20055D7ED /* Products */ = {
			isa = PBXGroup;
			children = (
				CEAAF46B1F3B10A20055D7ED /* gaofangbaisi.app */,
			);
			name = Products;
			sourceTree = "<group>";
		};
		CEAAF46D1F3B10A20055D7ED /* gaofangbaisi */ = {
			isa = PBXGroup;
			children = (
				CEAAF46E1F3B10A20055D7ED /* AppDelegate.swift */,
				CEAAF4701F3B10A20055D7ED /* ViewController.swift */,
				CEAAF4721F3B10A20055D7ED /* Main.storyboard */,
				CEAAF4751F3B10A20055D7ED /* Assets.xcassets */,
				CEAAF4771F3B10A20055D7ED /* LaunchScreen.storyboard */,
				CEAAF47A1F3B10A20055D7ED /* Info.plist */,
			);
			path = gaofangbaisi;
			sourceTree = "<group>";
		};
/* End PBXGroup section */

/* Begin PBXNativeTarget section */
		CEAAF46A1F3B10A20055D7ED /* gaofangbaisi */ = {
			isa = PBXNativeTarget;
			buildConfigurationList = CEAAF47D1F3B10A20055D7ED /* Build configuration list for PBXNativeTarget "gaofangbaisi" */;
			buildPhases = (
				CEAAF4671F3B10A20055D7ED /* Sources */,
				CEAAF4681F3B10A20055D7ED /* Frameworks */,
				CEAAF4691F3B10A20055D7ED /* Resources */,
			);
			buildRules = (
			);
			dependencies = (
			);
			name = gaofangbaisi;
			productName = gaofangbaisi;
			productReference = CEAAF46B1F3B10A20055D7ED /* gaofangbaisi.app */;
			productType = "com.apple.product-type.application";
		};
/* End PBXNativeTarget section */

/* Begin PBXProject section */
		CEAAF4631F3B10A20055D7ED /* Project object */ = {
			isa = PBXProject;
			attributes = {
				LastSwiftUpdateCheck = 0830;
				LastUpgradeCheck = 0830;
				ORGANIZATIONNAME = srkj;
				TargetAttributes = {
					CEAAF46A1F3B10A20055D7ED = {
						CreatedOnToolsVersion = 8.3.2;
						DevelopmentTeam = 52839WW2D5;
						ProvisioningStyle = Automatic;
					};
				};
			};
			buildConfigurationList = CEAAF4661F3B10A20055D7ED /* Build configuration list for PBXProject "gaofangbaisi" */;
			compatibilityVersion = "Xcode 3.2";
			developmentRegion = English;
			hasScannedForEncodings = 0;
			knownRegions = (
				en,
				Base,
			);
			mainGroup = CEAAF4621F3B10A20055D7ED;
			productRefGroup = CEAAF46C1F3B10A20055D7ED /* Products */;
			projectDirPath = "";
			projectRoot = "";
			targets = (
				CEAAF46A1F3B10A20055D7ED /* gaofangbaisi */,
			);
		};
/* End PBXProject section */

/* Begin PBXResourcesBuildPhase section */
		CEAAF4691F3B10A20055D7ED /* Resources */ = {
			isa = PBXResourcesBuildPhase;
			buildActionMask = 2147483647;
			files = (
				CEAAF4791F3B10A20055D7ED /* LaunchScreen.storyboard in Resources */,
				CEAAF4761F3B10A20055D7ED /* Assets.xcassets in Resources */,
				CEAAF4741F3B10A20055D7ED /* Main.storyboard in Resources */,
			);
			runOnlyForDeploymentPostprocessing = 0;
		};
/* End PBXResourcesBuildPhase section */

/* Begin PBXSourcesBuildPhase section */
		CEAAF4671F3B10A20055D7ED /* Sources */ = {
			isa = PBXSourcesBuildPhase;
			buildActionMask = 2147483647;
			files = (
				CEAAF4711F3B10A20055D7ED /* ViewController.swift in Sources */,
				CEAAF46F1F3B10A20055D7ED /* AppDelegate.swift in Sources */,
			);
			runOnlyForDeploymentPostprocessing = 0;
		};
/* End PBXSourcesBuildPhase section */

/* Begin PBXVariantGroup section */
		CEAAF4721F3B10A20055D7ED /* Main.storyboard */ = {
			isa = PBXVariantGroup;
			children = (
				CEAAF4731F3B10A20055D7ED /* Base */,
			);
			name = Main.storyboard;
			sourceTree = "<group>";
		};
		CEAAF4771F3B10A20055D7ED /* LaunchScreen.storyboard */ = {
			isa = PBXVariantGroup;
			children = (
				CEAAF4781F3B10A20055D7ED /* Base */,
			);
			name = LaunchScreen.storyboard;
			sourceTree = "<group>";
		};
/* End PBXVariantGroup section */

/* Begin XCBuildConfiguration section */
		CEAAF47B1F3B10A20055D7ED /* Debug */ = {
			isa = XCBuildConfiguration;
			buildSettings = {
				ALWAYS_SEARCH_USER_PATHS = NO;
				CLANG_ANALYZER_NONNULL = YES;
				CLANG_ANALYZER_NUMBER_OBJECT_CONVERSION = YES_AGGRESSIVE;
				CLANG_CXX_LANGUAGE_STANDARD = "gnu++0x";
				CLANG_CXX_LIBRARY = "libc++";
				CLANG_ENABLE_MODULES = YES;
				CLANG_ENABLE_OBJC_ARC = YES;
				CLANG_WARN_BOOL_CONVERSION = YES;
				CLANG_WARN_CONSTANT_CONVERSION = YES;
				CLANG_WARN_DIRECT_OBJC_ISA_USAGE = YES_ERROR;
				CLANG_WARN_DOCUMENTATION_COMMENTS = YES;
				CLANG_WARN_EMPTY_BODY = YES;
				CLANG_WARN_ENUM_CONVERSION = YES;
				CLANG_WARN_INFINITE_RECURSION = YES;
				CLANG_WARN_INT_CONVERSION = YES;
				CLANG_WARN_OBJC_ROOT_CLASS = YES_ERROR;
				CLANG_WARN_SUSPICIOUS_MOVE = YES;
				CLANG_WARN_UNREACHABLE_CODE = YES;
				CLANG_WARN__DUPLICATE_METHOD_MATCH = YES;
				"CODE_SIGN_IDENTITY[sdk=iphoneos*]" = "iPhone Developer";
				COPY_PHASE_STRIP = NO;
				DEBUG_INFORMATION_FORMAT = dwarf;
				ENABLE_STRICT_OBJC_MSGSEND = YES;
				ENABLE_TESTABILITY = YES;
				GCC_C_LANGUAGE_STANDARD = gnu99;
				GCC_DYNAMIC_NO_PIC = NO;
				GCC_NO_COMMON_BLOCKS = YES;
				GCC_OPTIMIZATION_LEVEL = 0;
				GCC_PREPROCESSOR_DEFINITIONS = (
					"DEBUG=1",
					"$(inherited)",
				);
				GCC_WARN_64_TO_32_BIT_CONVERSION = YES;
				GCC_WARN_ABOUT_RETURN_TYPE = YES_ERROR;
				GCC_WARN_UNDECLARED_SELECTOR = YES;
				GCC_WARN_UNINITIALIZED_AUTOS = YES_AGGRESSIVE;
				GCC_WARN_UNUSED_FUNCTION = YES;
				GCC_WARN_UNUSED_VARIABLE = YES;
				IPHONEOS_DEPLOYMENT_TARGET = 10.3;
				MTL_ENABLE_DEBUG_INFO = YES;
				ONLY_ACTIVE_ARCH = YES;
				SDKROOT = iphoneos;
				SWIFT_ACTIVE_COMPILATION_CONDITIONS = DEBUG;
				SWIFT_OPTIMIZATION_LEVEL = "-Onone";
			};
			name = Debug;
		};
		CEAAF47C1F3B10A20055D7ED /* Release */ = {
			isa = XCBuildConfiguration;
			buildSettings = {
				ALWAYS_SEARCH_USER_PATHS = NO;
				CLANG_ANALYZER_NONNULL = YES;
				CLANG_ANALYZER_NUMBER_OBJECT_CONVERSION = YES_AGGRESSIVE;
				CLANG_CXX_LANGUAGE_STANDARD = "gnu++0x";
				CLANG_CXX_LIBRARY = "libc++";
				CLANG_ENABLE_MODULES = YES;
				CLANG_ENABLE_OBJC_ARC = YES;
				CLANG_WARN_BOOL_CONVERSION = YES;
				CLANG_WARN_CONSTANT_CONVERSION = YES;
				CLANG_WARN_DIRECT_OBJC_ISA_USAGE = YES_ERROR;
				CLANG_WARN_DOCUMENTATION_COMMENTS = YES;
				CLANG_WARN_EMPTY_BODY = YES;
				CLANG_WARN_ENUM_CONVERSION = YES;
				CLANG_WARN_INFINITE_RECURSION = YES;
				CLANG_WARN_INT_CONVERSION = YES;
				CLANG_WARN_OBJC_ROOT_CLASS = YES_ERROR;
				CLANG_WARN_SUSPICIOUS_MOVE = YES;
				CLANG_WARN_UNREACHABLE_CODE = YES;
				CLANG_WARN__DUPLICATE_METHOD_MATCH = YES;
				"CODE_SIGN_IDENTITY[sdk=iphoneos*]" = "iPhone Developer";
				COPY_PHASE_STRIP = NO;
				DEBUG_INFORMATION_FORMAT = "dwarf-with-dsym";
				ENABLE_NS_ASSERTIONS = NO;
				ENABLE_STRICT_OBJC_MSGSEND = YES;
				GCC_C_LANGUAGE_STANDARD = gnu99;
				GCC_NO_COMMON_BLOCKS = YES;
				GCC_WARN_64_TO_32_BIT_CONVERSION = YES;
				GCC_WARN_ABOUT_RETURN_TYPE = YES_ERROR;
				GCC_WARN_UNDECLARED_SELECTOR = YES;
				GCC_WARN_UNINITIALIZED_AUTOS = YES_AGGRESSIVE;
				GCC_WARN_UNUSED_FUNCTION = YES;
				GCC_WARN_UNUSED_VARIABLE = YES;
				IPHONEOS_DEPLOYMENT_TARGET = 10.3;
				MTL_ENABLE_DEBUG_INFO = NO;
				SDKROOT = iphoneos;
				SWIFT_OPTIMIZATION_LEVEL = "-Owholemodule";
				VALIDATE_PRODUCT = YES;
			};
			name = Release;
		};
		CEAAF47E1F3B10A20055D7ED /* Debug */ = {
			isa = XCBuildConfiguration;
			buildSettings = {
				ASSETCATALOG_COMPILER_APPICON_NAME = AppIcon;
				DEVELOPMENT_TEAM = 52839WW2D5;
				INFOPLIST_FILE = gaofangbaisi/Info.plist;
				LD_RUNPATH_SEARCH_PATHS = "$(inherited) @executable_path/Frameworks";
				PRODUCT_BUNDLE_IDENTIFIER = com.emrubik.gaofangbaisi;
				PRODUCT_NAME = "$(TARGET_NAME)";
				SWIFT_VERSION = 3.0;
			};
			name = Debug;
		};
		CEAAF47F1F3B10A20055D7ED /* Release */ = {
			isa = XCBuildConfiguration;
			buildSettings = {
				ASSETCATALOG_COMPILER_APPICON_NAME = AppIcon;
				DEVELOPMENT_TEAM = 52839WW2D5;
				INFOPLIST_FILE = gaofangbaisi/Info.plist;
				LD_RUNPATH_SEARCH_PATHS = "$(inherited) @executable_path/Frameworks";
				PRODUCT_BUNDLE_IDENTIFIER = com.emrubik.gaofangbaisi;
				PRODUCT_NAME = "$(TARGET_NAME)";
				SWIFT_VERSION = 3.0;
			};
			name = Release;
		};
/* End XCBuildConfiguration section */

/* Begin XCConfigurationList section */
		CEAAF4661F3B10A20055D7ED /* Build configuration list for PBXProject "gaofangbaisi" */ = {
			isa = XCConfigurationList;
			buildConfigurations = (
				CEAAF47B1F3B10A20055D7ED /* Debug */,
				CEAAF47C1F3B10A20055D7ED /* Release */,
			);
			defaultConfigurationIsVisible = 0;
			defaultConfigurationName = Release;
		};
		CEAAF47D1F3B10A20055D7ED /* Build configuration list for PBXNativeTarget "gaofangbaisi" */ = {
			isa = XCConfigurationList;
			buildConfigurations = (
				CEAAF47E1F3B10A20055D7ED /* Debug */,
				CEAAF47F1F3B10A20055D7ED /* Release */,
			);
			defaultConfigurationIsVisible = 0;
		};
/* End XCConfigurationList section */
	};
	rootObject = CEAAF4631F3B10A20055D7ED /* Project object */;
}
